
Microsoft Visual Studio Solution File, Format Version 12.00
# Visual Studio Version 17
VisualStudioVersion = 17.13.35919.96 d17.13
MinimumVisualStudioVersion = 10.0.40219.1
Project("{FAE04EC0-301F-11D3-BF4B-00C04F79EFBC}") = "TicketParkingAPI", "TicketParkingAPI\TicketParkingAPI.csproj", "{AC98A0D6-51E6-47A5-AFF9-DBDDF64DEBDD}"
EndProject
Global
	GlobalSection(SolutionConfigurationPlatforms) = preSolution
		Debug|Any CPU = Debug|Any CPU
		Release|Any CPU = Release|Any CPU
	EndGlobalSection
	GlobalSection(ProjectConfigurationPlatforms) = postSolution
		{AC98A0D6-51E6-47A5-AFF9-DBDDF64DEBDD}.Debug|Any CPU.ActiveCfg = Debug|Any CPU
		{AC98A0D6-51E6-47A5-AFF9-DBDDF64DEBDD}.Debug|Any CPU.Build.0 = Debug|Any CPU
		{AC98A0D6-51E6-47A5-AFF9-DBDDF64DEBDD}.Release|Any CPU.ActiveCfg = Release|Any CPU
		{AC98A0D6-51E6-47A5-AFF9-DBDDF64DEBDD}.Release|Any CPU.Build.0 = Release|Any CPU
	EndGlobalSection
	GlobalSection(SolutionProperties) = preSolution
		HideSolutionNode = FALSE
	EndGlobalSection
	GlobalSection(ExtensibilityGlobals) = postSolution
		SolutionGuid = {B1249139-2AF3-47EB-B32B-E8F1D83A2D90}
	EndGlobalSection
EndGlobal
